
Microsoft Visual Studio Solution File, Format Version 12.00
# Visual Studio Version 16
VisualStudioVersion = 16.0.30503.244
MinimumVisualStudioVersion = 10.0.40219.1
Project("{8BC9CEB8-8B4A-11D0-8D11-00A0C91BC942}") = "Graphing_Calculator", "Graphing_Calculator\Graphing_Calculator.vcxproj", "{2E1EF24A-3DC0-495D-9992-D5F53FE7FF48}"
EndProject
Global
	GlobalSection(SolutionConfigurationPlatforms) = preSolution
		Debug|x64 = Debug|x64
		Release|x64 = Release|x64
	EndGlobalSection
	GlobalSection(ProjectConfigurationPlatforms) = postSolution
		{2E1EF24A-3DC0-495D-9992-D5F53FE7FF48}.Debug|x64.ActiveCfg = Debug|x64
		{2E1EF24A-3DC0-495D-9992-D5F53FE7FF48}.Debug|x64.Build.0 = Debug|x64
		{2E1EF24A-3DC0-495D-9992-D5F53FE7FF48}.Release|x64.ActiveCfg = Release|x64
		{2E1EF24A-3DC0-495D-9992-D5F53FE7FF48}.Release|x64.Build.0 = Release|x64
	EndGlobalSection
	GlobalSection(SolutionProperties) = preSolution
		HideSolutionNode = FALSE
	EndGlobalSection
	GlobalSection(ExtensibilityGlobals) = postSolution
		SolutionGuid = {165ED4F3-00C6-43B6-8D6E-C9E7D98E8973}
	EndGlobalSection
EndGlobal
